
Microsoft Visual Studio Solution File, Format Version 12.00
# Visual Studio 15
Project("{FAE04EC0-301F-11D3-BF4B-00C04F79EFBC}") = "DM117", "DM117.csproj", "{DF5236EC-32AD-10A3-ECA1-B9F328A403ED}"
EndProject
Global
	GlobalSection(SolutionConfigurationPlatforms) = preSolution
		Debug|Any CPU = Debug|Any CPU
		Release|Any CPU = Release|Any CPU
	EndGlobalSection
	GlobalSection(ProjectConfigurationPlatforms) = postSolution
		{DF5236EC-32AD-10A3-ECA1-B9F328A403ED}.Debug|Any CPU.ActiveCfg = Debug|Any CPU
		{DF5236EC-32AD-10A3-ECA1-B9F328A403ED}.Debug|Any CPU.Build.0 = Debug|Any CPU
		{DF5236EC-32AD-10A3-ECA1-B9F328A403ED}.Release|Any CPU.ActiveCfg = Release|Any CPU
		{DF5236EC-32AD-10A3-ECA1-B9F328A403ED}.Release|Any CPU.Build.0 = Release|Any CPU
	EndGlobalSection
	GlobalSection(SolutionProperties) = preSolution
		HideSolutionNode = FALSE
	EndGlobalSection
EndGlobal
